
Microsoft Visual Studio Solution File, Format Version 12.00
# Visual Studio Version 16
VisualStudioVersion = 16.0.31005.135
MinimumVisualStudioVersion = 10.0.40219.1
Project("{FAE04EC0-301F-11D3-BF4B-00C04F79EFBC}") = "ntnse8_week8", "ntnse8_week8\ntnse8_week8.csproj", "{4A6D8012-A0B7-4DCF-8F1A-C7B6425A3528}"
EndProject
Global
	GlobalSection(SolutionConfigurationPlatforms) = preSolution
		Debug|Any CPU = Debug|Any CPU
		Release|Any CPU = Release|Any CPU
	EndGlobalSection
	GlobalSection(ProjectConfigurationPlatforms) = postSolution
		{4A6D8012-A0B7-4DCF-8F1A-C7B6425A3528}.Debug|Any CPU.ActiveCfg = Debug|Any CPU
		{4A6D8012-A0B7-4DCF-8F1A-C7B6425A3528}.Debug|Any CPU.Build.0 = Debug|Any CPU
		{4A6D8012-A0B7-4DCF-8F1A-C7B6425A3528}.Release|Any CPU.ActiveCfg = Release|Any CPU
		{4A6D8012-A0B7-4DCF-8F1A-C7B6425A3528}.Release|Any CPU.Build.0 = Release|Any CPU
	EndGlobalSection
	GlobalSection(SolutionProperties) = preSolution
		HideSolutionNode = FALSE
	EndGlobalSection
	GlobalSection(ExtensibilityGlobals) = postSolution
		SolutionGuid = {B1FD77D5-6DC0-4042-A335-BDA9639B6403}
	EndGlobalSection
EndGlobal
