
Microsoft Visual Studio Solution File, Format Version 12.00
# Visual Studio Version 16
VisualStudioVersion = 16.0.31005.135
MinimumVisualStudioVersion = 10.0.40219.1
Project("{FAE04EC0-301F-11D3-BF4B-00C04F79EFBC}") = "UserMaintenance", "UserMaintenance\UserMaintenance.csproj", "{9AB677D9-2B7C-4529-94A4-41324BAFDBDD}"
EndProject
Global
	GlobalSection(SolutionConfigurationPlatforms) = preSolution
		Debug|Any CPU = Debug|Any CPU
		Release|Any CPU = Release|Any CPU
	EndGlobalSection
	GlobalSection(ProjectConfigurationPlatforms) = postSolution
		{9AB677D9-2B7C-4529-94A4-41324BAFDBDD}.Debug|Any CPU.ActiveCfg = Debug|Any CPU
		{9AB677D9-2B7C-4529-94A4-41324BAFDBDD}.Debug|Any CPU.Build.0 = Debug|Any CPU
		{9AB677D9-2B7C-4529-94A4-41324BAFDBDD}.Release|Any CPU.ActiveCfg = Release|Any CPU
		{9AB677D9-2B7C-4529-94A4-41324BAFDBDD}.Release|Any CPU.Build.0 = Release|Any CPU
	EndGlobalSection
	GlobalSection(SolutionProperties) = preSolution
		HideSolutionNode = FALSE
	EndGlobalSection
	GlobalSection(ExtensibilityGlobals) = postSolution
		SolutionGuid = {6D806580-992F-47E7-A842-B71A02EC2574}
	EndGlobalSection
EndGlobal
